{
  "name": "filmbank",
  "version": "1.0.0",
  "lockfileVersion": 2,
  "requires": true,
  "packages": {
    "": {
      "name": "filmbank",
      "version": "1.0.0",
      "license": "ISC",
      "dependencies": {
        "materialize": "^1.0.0"
      }
    },
    "node_modules/materialize": {
      "version": "1.0.0",
      "resolved": "https://registry.npmjs.org/materialize/-/materialize-1.0.0.tgz",
      "integrity": "sha1-PpHIqMJUdacyTgYro0uvccSjNKo="
    }
  },
  "dependencies": {
    "materialize": {
      "version": "1.0.0",
      "resolved": "https://registry.npmjs.org/materialize/-/materialize-1.0.0.tgz",
      "integrity": "sha1-PpHIqMJUdacyTgYro0uvccSjNKo="
    }
  }
}
